// !$*UTF8*$!
{
	archiveVersion = 1;
	classes = {
	};
	objectVersion = 52;
	objects = {

/* Begin PBXBuildFile section */
		6805279A242BB45B0021F146 /* EncryptView.swift in Sources */ = {isa = PBXBuildFile; fileRef = 68052799242BB45B0021F146 /* EncryptView.swift */; };
		6805279C242BB5BE0021F146 /* TextView.swift in Sources */ = {isa = PBXBuildFile; fileRef = 6805279B242BB5BE0021F146 /* TextView.swift */; };
		6814227A242A681B005C1F5C /* caesar.swift in Sources */ = {isa = PBXBuildFile; fileRef = 6814226F242A681B005C1F5C /* caesar.swift */; };
		6814227B242A681B005C1F5C /* sha256.swift in Sources */ = {isa = PBXBuildFile; fileRef = 68142270242A681B005C1F5C /* sha256.swift */; };
		6814227C242A681B005C1F5C /* BitShift.swift in Sources */ = {isa = PBXBuildFile; fileRef = 68142271242A681B005C1F5C /* BitShift.swift */; };
		6814227D242A681B005C1F5C /* md5.swift in Sources */ = {isa = PBXBuildFile; fileRef = 68142272242A681B005C1F5C /* md5.swift */; };
		6814227E242A681B005C1F5C /* b64.swift in Sources */ = {isa = PBXBuildFile; fileRef = 68142273242A681B005C1F5C /* b64.swift */; };
		6814227F242A681B005C1F5C /* HashShift.swift in Sources */ = {isa = PBXBuildFile; fileRef = 68142274242A681B005C1F5C /* HashShift.swift */; };
		68142280242A681B005C1F5C /* Emoji.swift in Sources */ = {isa = PBXBuildFile; fileRef = 68142275242A681B005C1F5C /* Emoji.swift */; };
		68142281242A681B005C1F5C /* binascii.swift in Sources */ = {isa = PBXBuildFile; fileRef = 68142276242A681B005C1F5C /* binascii.swift */; };
		68142282242A681B005C1F5C /* XOR.swift in Sources */ = {isa = PBXBuildFile; fileRef = 68142277242A681B005C1F5C /* XOR.swift */; };
		68142283242A681B005C1F5C /* ROT13.swift in Sources */ = {isa = PBXBuildFile; fileRef = 68142278242A681B005C1F5C /* ROT13.swift */; };
		68142284242A681B005C1F5C /* Rail.swift in Sources */ = {isa = PBXBuildFile; fileRef = 68142279242A681B005C1F5C /* Rail.swift */; };
		68142287242A6833005C1F5C /* success.m4a in Resources */ = {isa = PBXBuildFile; fileRef = 68142286242A6832005C1F5C /* success.m4a */; };
		68142289242A74BD005C1F5C /* Ciphers.swift in Sources */ = {isa = PBXBuildFile; fileRef = 68142288242A74BD005C1F5C /* Ciphers.swift */; };
		6814228C242A757A005C1F5C /* SwiftyJSON in Frameworks */ = {isa = PBXBuildFile; productRef = 6814228B242A757A005C1F5C /* SwiftyJSON */; };
		6814228F242A75A4005C1F5C /* Alamofire in Frameworks */ = {isa = PBXBuildFile; productRef = 6814228E242A75A4005C1F5C /* Alamofire */; };
		68142291242A798A005C1F5C /* LoadingActivity.swift in Sources */ = {isa = PBXBuildFile; fileRef = 68142290242A798A005C1F5C /* LoadingActivity.swift */; };
		682F72DC2431583100AF53D3 /* LearnView.swift in Sources */ = {isa = PBXBuildFile; fileRef = 682F72DB2431583100AF53D3 /* LearnView.swift */; };
		683C6BAF242973FD007A73DE /* AppDelegate.swift in Sources */ = {isa = PBXBuildFile; fileRef = 683C6BAE242973FD007A73DE /* AppDelegate.swift */; };
		683C6BB1242973FD007A73DE /* SceneDelegate.swift in Sources */ = {isa = PBXBuildFile; fileRef = 683C6BB0242973FD007A73DE /* SceneDelegate.swift */; };
		683C6BB3242973FD007A73DE /* ContentView.swift in Sources */ = {isa = PBXBuildFile; fileRef = 683C6BB2242973FD007A73DE /* ContentView.swift */; };
		683C6BB524297402007A73DE /* Assets.xcassets in Resources */ = {isa = PBXBuildFile; fileRef = 683C6BB424297402007A73DE /* Assets.xcassets */; };
		683C6BB824297402007A73DE /* Preview Assets.xcassets in Resources */ = {isa = PBXBuildFile; fileRef = 683C6BB724297402007A73DE /* Preview Assets.xcassets */; };
		683C6BBB24297402007A73DE /* LaunchScreen.storyboard in Resources */ = {isa = PBXBuildFile; fileRef = 683C6BB924297402007A73DE /* LaunchScreen.storyboard */; };
		683C6BC624297403007A73DE /* CrypToolTests.swift in Sources */ = {isa = PBXBuildFile; fileRef = 683C6BC524297403007A73DE /* CrypToolTests.swift */; };
		683C6BD124297403007A73DE /* CrypToolUITests.swift in Sources */ = {isa = PBXBuildFile; fileRef = 683C6BD024297403007A73DE /* CrypToolUITests.swift */; };
		683C6BE0242975A2007A73DE /* QGrid in Frameworks */ = {isa = PBXBuildFile; productRef = 683C6BDF242975A2007A73DE /* QGrid */; };
		683C6BE324297609007A73DE /* LevelCell.swift in Sources */ = {isa = PBXBuildFile; fileRef = 683C6BE224297609007A73DE /* LevelCell.swift */; };
		683C6BE624298170007A73DE /* Level.swift in Sources */ = {isa = PBXBuildFile; fileRef = 683C6BE524298170007A73DE /* Level.swift */; };
		6885B0AB242A3ED60075C219 /* LevelView.swift in Sources */ = {isa = PBXBuildFile; fileRef = 6885B0AA242A3ED60075C219 /* LevelView.swift */; };
		6885B0AE242A3F550075C219 /* BottomSheet.swift in Sources */ = {isa = PBXBuildFile; fileRef = 6885B0AD242A3F540075C219 /* BottomSheet.swift */; };
		6885B0B1242A41B50075C219 /* Down in Frameworks */ = {isa = PBXBuildFile; productRef = 6885B0B0242A41B50075C219 /* Down */; };
		6885B0B3242A41F50075C219 /* Down.swift in Sources */ = {isa = PBXBuildFile; fileRef = 6885B0B2242A41F50075C219 /* Down.swift */; };
		68C9AAB7246330A30066563F /* Messages.framework in Frameworks */ = {isa = PBXBuildFile; fileRef = 68C9AAB6246330A30066563F /* Messages.framework */; };
		68C9AABA246330A30066563F /* MessagesViewController.swift in Sources */ = {isa = PBXBuildFile; fileRef = 68C9AAB9246330A30066563F /* MessagesViewController.swift */; };
		68C9AABD246330A30066563F /* MainInterface.storyboard in Resources */ = {isa = PBXBuildFile; fileRef = 68C9AABB246330A30066563F /* MainInterface.storyboard */; };
		68C9AABF246330AA0066563F /* Assets.xcassets in Resources */ = {isa = PBXBuildFile; fileRef = 68C9AABE246330AA0066563F /* Assets.xcassets */; };
		68C9AAC3246330AA0066563F /* CrypTool-iMessage.appex in Embed App Extensions */ = {isa = PBXBuildFile; fileRef = 68C9AAB4246330A30066563F /* CrypTool-iMessage.appex */; settings = {ATTRIBUTES = (RemoveHeadersOnCopy, ); }; };
		68C9AAC9246330CD0066563F /* Parser.swift in Sources */ = {isa = PBXBuildFile; fileRef = 68C9AAC8246330CD0066563F /* Parser.swift */; };
		68C9AACA246331380066563F /* caesar.swift in Sources */ = {isa = PBXBuildFile; fileRef = 6814226F242A681B005C1F5C /* caesar.swift */; };
		68C9AACB246331380066563F /* sha256.swift in Sources */ = {isa = PBXBuildFile; fileRef = 68142270242A681B005C1F5C /* sha256.swift */; };
		68C9AACC246331380066563F /* BitShift.swift in Sources */ = {isa = PBXBuildFile; fileRef = 68142271242A681B005C1F5C /* BitShift.swift */; };
		68C9AACD246331380066563F /* md5.swift in Sources */ = {isa = PBXBuildFile; fileRef = 68142272242A681B005C1F5C /* md5.swift */; };
		68C9AACE246331380066563F /* b64.swift in Sources */ = {isa = PBXBuildFile; fileRef = 68142273242A681B005C1F5C /* b64.swift */; };
		68C9AACF246331380066563F /* HashShift.swift in Sources */ = {isa = PBXBuildFile; fileRef = 68142274242A681B005C1F5C /* HashShift.swift */; };
		68C9AAD0246331380066563F /* Emoji.swift in Sources */ = {isa = PBXBuildFile; fileRef = 68142275242A681B005C1F5C /* Emoji.swift */; };
		68C9AAD1246331380066563F /* binascii.swift in Sources */ = {isa = PBXBuildFile; fileRef = 68142276242A681B005C1F5C /* binascii.swift */; };
		68C9AAD2246331380066563F /* XOR.swift in Sources */ = {isa = PBXBuildFile; fileRef = 68142277242A681B005C1F5C /* XOR.swift */; };
		68C9AAD3246331380066563F /* ROT13.swift in Sources */ = {isa = PBXBuildFile; fileRef = 68142278242A681B005C1F5C /* ROT13.swift */; };
		68C9AAD4246331380066563F /* Rail.swift in Sources */ = {isa = PBXBuildFile; fileRef = 68142279242A681B005C1F5C /* Rail.swift */; };
		68C9AAD52463313F0066563F /* Ciphers.swift in Sources */ = {isa = PBXBuildFile; fileRef = 68142288242A74BD005C1F5C /* Ciphers.swift */; };
/* End PBXBuildFile section */

/* Begin PBXContainerItemProxy section */
		683C6BC224297403007A73DE /* PBXContainerItemProxy */ = {
			isa = PBXContainerItemProxy;
			containerPortal = 683C6BA3242973FD007A73DE /* Project object */;
			proxyType = 1;
			remoteGlobalIDString = 683C6BAA242973FD007A73DE;
			remoteInfo = CrypTool;
		};
		683C6BCD24297403007A73DE /* PBXContainerItemProxy */ = {
			isa = PBXContainerItemProxy;
			containerPortal = 683C6BA3242973FD007A73DE /* Project object */;
			proxyType = 1;
			remoteGlobalIDString = 683C6BAA242973FD007A73DE;
			remoteInfo = CrypTool;
		};
		68C9AAC1246330AA0066563F /* PBXContainerItemProxy */ = {
			isa = PBXContainerItemProxy;
			containerPortal = 683C6BA3242973FD007A73DE /* Project object */;
			proxyType = 1;
			remoteGlobalIDString = 68C9AAB3246330A30066563F;
			remoteInfo = "CrypTool-iMessage";
		};
/* End PBXContainerItemProxy section */

/* Begin PBXCopyFilesBuildPhase section */
		68C9AAC4246330AA0066563F /* Embed App Extensions */ = {
			isa = PBXCopyFilesBuildPhase;
			buildActionMask = 2147483647;
			dstPath = "";
			dstSubfolderSpec = 13;
			files = (
				68C9AAC3246330AA0066563F /* CrypTool-iMessage.appex in Embed App Extensions */,
			);
			name = "Embed App Extensions";
			runOnlyForDeploymentPostprocessing = 0;
		};
/* End PBXCopyFilesBuildPhase section */

/* Begin PBXFileReference section */
		68048FF3243122E200278A2C /* CrypTool.entitlements */ = {isa = PBXFileReference; lastKnownFileType = text.plist.entitlements; path = CrypTool.entitlements; sourceTree = "<group>"; };
		68052799242BB45B0021F146 /* EncryptView.swift */ = {isa = PBXFileReference; lastKnownFileType = sourcecode.swift; path = EncryptView.swift; sourceTree = "<group>"; };
		6805279B242BB5BE0021F146 /* TextView.swift */ = {isa = PBXFileReference; lastKnownFileType = sourcecode.swift; path = TextView.swift; sourceTree = "<group>"; };
		6814226F242A681B005C1F5C /* caesar.swift */ = {isa = PBXFileReference; fileEncoding = 4; lastKnownFileType = sourcecode.swift; path = caesar.swift; sourceTree = "<group>"; };
		68142270242A681B005C1F5C /* sha256.swift */ = {isa = PBXFileReference; fileEncoding = 4; lastKnownFileType = sourcecode.swift; path = sha256.swift; sourceTree = "<group>"; };
		68142271242A681B005C1F5C /* BitShift.swift */ = {isa = PBXFileReference; fileEncoding = 4; lastKnownFileType = sourcecode.swift; path = BitShift.swift; sourceTree = "<group>"; };
		68142272242A681B005C1F5C /* md5.swift */ = {isa = PBXFileReference; fileEncoding = 4; lastKnownFileType = sourcecode.swift; path = md5.swift; sourceTree = "<group>"; };
		68142273242A681B005C1F5C /* b64.swift */ = {isa = PBXFileReference; fileEncoding = 4; lastKnownFileType = sourcecode.swift; path = b64.swift; sourceTree = "<group>"; };
		68142274242A681B005C1F5C /* HashShift.swift */ = {isa = PBXFileReference; fileEncoding = 4; lastKnownFileType = sourcecode.swift; path = HashShift.swift; sourceTree = "<group>"; };
		68142275242A681B005C1F5C /* Emoji.swift */ = {isa = PBXFileReference; fileEncoding = 4; lastKnownFileType = sourcecode.swift; path = Emoji.swift; sourceTree = "<group>"; };
		68142276242A681B005C1F5C /* binascii.swift */ = {isa = PBXFileReference; fileEncoding = 4; lastKnownFileType = sourcecode.swift; path = binascii.swift; sourceTree = "<group>"; };
		68142277242A681B005C1F5C /* XOR.swift */ = {isa = PBXFileReference; fileEncoding = 4; lastKnownFileType = sourcecode.swift; path = XOR.swift; sourceTree = "<group>"; };
		68142278242A681B005C1F5C /* ROT13.swift */ = {isa = PBXFileReference; fileEncoding = 4; lastKnownFileType = sourcecode.swift; path = ROT13.swift; sourceTree = "<group>"; };
		68142279242A681B005C1F5C /* Rail.swift */ = {isa = PBXFileReference; fileEncoding = 4; lastKnownFileType = sourcecode.swift; path = Rail.swift; sourceTree = "<group>"; };
		68142286242A6832005C1F5C /* success.m4a */ = {isa = PBXFileReference; lastKnownFileType = file; path = success.m4a; sourceTree = "<group>"; };
		68142288242A74BD005C1F5C /* Ciphers.swift */ = {isa = PBXFileReference; fileEncoding = 4; lastKnownFileType = sourcecode.swift; path = Ciphers.swift; sourceTree = "<group>"; };
		68142290242A798A005C1F5C /* LoadingActivity.swift */ = {isa = PBXFileReference; lastKnownFileType = sourcecode.swift; path = LoadingActivity.swift; sourceTree = "<group>"; };
		682F72DB2431583100AF53D3 /* LearnView.swift */ = {isa = PBXFileReference; lastKnownFileType = sourcecode.swift; path = LearnView.swift; sourceTree = "<group>"; };
		683C6BAB242973FD007A73DE /* CrypTool.app */ = {isa = PBXFileReference; explicitFileType = wrapper.application; includeInIndex = 0; path = CrypTool.app; sourceTree = BUILT_PRODUCTS_DIR; };
		683C6BAE242973FD007A73DE /* AppDelegate.swift */ = {isa = PBXFileReference; lastKnownFileType = sourcecode.swift; path = AppDelegate.swift; sourceTree = "<group>"; };
		683C6BB0242973FD007A73DE /* SceneDelegate.swift */ = {isa = PBXFileReference; lastKnownFileType = sourcecode.swift; path = SceneDelegate.swift; sourceTree = "<group>"; };
		683C6BB2242973FD007A73DE /* ContentView.swift */ = {isa = PBXFileReference; lastKnownFileType = sourcecode.swift; path = ContentView.swift; sourceTree = "<group>"; };
		683C6BB424297402007A73DE /* Assets.xcassets */ = {isa = PBXFileReference; lastKnownFileType = folder.assetcatalog; path = Assets.xcassets; sourceTree = "<group>"; };
		683C6BB724297402007A73DE /* Preview Assets.xcassets */ = {isa = PBXFileReference; lastKnownFileType = folder.assetcatalog; path = "Preview Assets.xcassets"; sourceTree = "<group>"; };
		683C6BBA24297402007A73DE /* Base */ = {isa = PBXFileReference; lastKnownFileType = file.storyboard; name = Base; path = Base.lproj/LaunchScreen.storyboard; sourceTree = "<group>"; };
		683C6BBC24297402007A73DE /* Info.plist */ = {isa = PBXFileReference; lastKnownFileType = text.plist.xml; path = Info.plist; sourceTree = "<group>"; };
		683C6BC124297403007A73DE /* CrypToolTests.xctest */ = {isa = PBXFileReference; explicitFileType = wrapper.cfbundle; includeInIndex = 0; path = CrypToolTests.xctest; sourceTree = BUILT_PRODUCTS_DIR; };
		683C6BC524297403007A73DE /* CrypToolTests.swift */ = {isa = PBXFileReference; lastKnownFileType = sourcecode.swift; path = CrypToolTests.swift; sourceTree = "<group>"; };
		683C6BC724297403007A73DE /* Info.plist */ = {isa = PBXFileReference; lastKnownFileType = text.plist.xml; path = Info.plist; sourceTree = "<group>"; };
		683C6BCC24297403007A73DE /* CrypToolUITests.xctest */ = {isa = PBXFileReference; explicitFileType = wrapper.cfbundle; includeInIndex = 0; path = CrypToolUITests.xctest; sourceTree = BUILT_PRODUCTS_DIR; };
		683C6BD024297403007A73DE /* CrypToolUITests.swift */ = {isa = PBXFileReference; lastKnownFileType = sourcecode.swift; path = CrypToolUITests.swift; sourceTree = "<group>"; };
		683C6BD224297403007A73DE /* Info.plist */ = {isa = PBXFileReference; lastKnownFileType = text.plist.xml; path = Info.plist; sourceTree = "<group>"; };
		683C6BE224297609007A73DE /* LevelCell.swift */ = {isa = PBXFileReference; lastKnownFileType = sourcecode.swift; path = LevelCell.swift; sourceTree = "<group>"; };
		683C6BE524298170007A73DE /* Level.swift */ = {isa = PBXFileReference; lastKnownFileType = sourcecode.swift; path = Level.swift; sourceTree = "<group>"; };
		6885B0AA242A3ED60075C219 /* LevelView.swift */ = {isa = PBXFileReference; lastKnownFileType = sourcecode.swift; path = LevelView.swift; sourceTree = "<group>"; };
		6885B0AD242A3F540075C219 /* BottomSheet.swift */ = {isa = PBXFileReference; lastKnownFileType = sourcecode.swift; path = BottomSheet.swift; sourceTree = "<group>"; };
		6885B0B2242A41F50075C219 /* Down.swift */ = {isa = PBXFileReference; lastKnownFileType = sourcecode.swift; path = Down.swift; sourceTree = "<group>"; };
		68C9AAB4246330A30066563F /* CrypTool-iMessage.appex */ = {isa = PBXFileReference; explicitFileType = "wrapper.app-extension"; includeInIndex = 0; path = "CrypTool-iMessage.appex"; sourceTree = BUILT_PRODUCTS_DIR; };
		68C9AAB6246330A30066563F /* Messages.framework */ = {isa = PBXFileReference; lastKnownFileType = wrapper.framework; name = Messages.framework; path = System/Library/Frameworks/Messages.framework; sourceTree = SDKROOT; };
		68C9AAB9246330A30066563F /* MessagesViewController.swift */ = {isa = PBXFileReference; lastKnownFileType = sourcecode.swift; path = MessagesViewController.swift; sourceTree = "<group>"; };
		68C9AABC246330A30066563F /* Base */ = {isa = PBXFileReference; lastKnownFileType = file.storyboard; name = Base; path = Base.lproj/MainInterface.storyboard; sourceTree = "<group>"; };
		68C9AABE246330AA0066563F /* Assets.xcassets */ = {isa = PBXFileReference; lastKnownFileType = folder.assetcatalog; path = Assets.xcassets; sourceTree = "<group>"; };
		68C9AAC0246330AA0066563F /* Info.plist */ = {isa = PBXFileReference; lastKnownFileType = text.plist.xml; path = Info.plist; sourceTree = "<group>"; };
		68C9AAC8246330CD0066563F /* Parser.swift */ = {isa = PBXFileReference; lastKnownFileType = sourcecode.swift; path = Parser.swift; sourceTree = "<group>"; };
/* End PBXFileReference section */

/* Begin PBXFrameworksBuildPhase section */
		683C6BA8242973FD007A73DE /* Frameworks */ = {
			isa = PBXFrameworksBuildPhase;
			buildActionMask = 2147483647;
			files = (
				6814228C242A757A005C1F5C /* SwiftyJSON in Frameworks */,
				6814228F242A75A4005C1F5C /* Alamofire in Frameworks */,
				6885B0B1242A41B50075C219 /* Down in Frameworks */,
				683C6BE0242975A2007A73DE /* QGrid in Frameworks */,
			);
			runOnlyForDeploymentPostprocessing = 0;
		};
		683C6BBE24297403007A73DE /* Frameworks */ = {
			isa = PBXFrameworksBuildPhase;
			buildActionMask = 2147483647;
			files = (
			);
			runOnlyForDeploymentPostprocessing = 0;
		};
		683C6BC924297403007A73DE /* Frameworks */ = {
			isa = PBXFrameworksBuildPhase;
			buildActionMask = 2147483647;
			files = (
			);
			runOnlyForDeploymentPostprocessing = 0;
		};
		68C9AAB1246330A30066563F /* Frameworks */ = {
			isa = PBXFrameworksBuildPhase;
			buildActionMask = 2147483647;
			files = (
				68C9AAB7246330A30066563F /* Messages.framework in Frameworks */,
			);
			runOnlyForDeploymentPostprocessing = 0;
		};
/* End PBXFrameworksBuildPhase section */

/* Begin PBXGroup section */
		6814226E242A681B005C1F5C /* Ciphers */ = {
			isa = PBXGroup;
			children = (
				6814226F242A681B005C1F5C /* caesar.swift */,
				68142270242A681B005C1F5C /* sha256.swift */,
				68142271242A681B005C1F5C /* BitShift.swift */,
				68142272242A681B005C1F5C /* md5.swift */,
				68142273242A681B005C1F5C /* b64.swift */,
				68142274242A681B005C1F5C /* HashShift.swift */,
				68142275242A681B005C1F5C /* Emoji.swift */,
				68142276242A681B005C1F5C /* binascii.swift */,
				68142277242A681B005C1F5C /* XOR.swift */,
				68142278242A681B005C1F5C /* ROT13.swift */,
				68142279242A681B005C1F5C /* Rail.swift */,
			);
			path = Ciphers;
			sourceTree = "<group>";
		};
		68142285242A6832005C1F5C /* Sounds */ = {
			isa = PBXGroup;
			children = (
				68142286242A6832005C1F5C /* success.m4a */,
			);
			path = Sounds;
			sourceTree = "<group>";
		};
		683C6BA2242973FD007A73DE = {
			isa = PBXGroup;
			children = (
				683C6BAD242973FD007A73DE /* CrypTool */,
				683C6BC424297403007A73DE /* CrypToolTests */,
				683C6BCF24297403007A73DE /* CrypToolUITests */,
				68C9AAB8246330A30066563F /* CrypTool-iMessage */,
				68C9AAB5246330A30066563F /* Frameworks */,
				683C6BAC242973FD007A73DE /* Products */,
			);
			sourceTree = "<group>";
		};
		683C6BAC242973FD007A73DE /* Products */ = {
			isa = PBXGroup;
			children = (
				683C6BAB242973FD007A73DE /* CrypTool.app */,
				683C6BC124297403007A73DE /* CrypToolTests.xctest */,
				683C6BCC24297403007A73DE /* CrypToolUITests.xctest */,
				68C9AAB4246330A30066563F /* CrypTool-iMessage.appex */,
			);
			name = Products;
			sourceTree = "<group>";
		};
		683C6BAD242973FD007A73DE /* CrypTool */ = {
			isa = PBXGroup;
			children = (
				68048FF3243122E200278A2C /* CrypTool.entitlements */,
				68142285242A6832005C1F5C /* Sounds */,
				6814226E242A681B005C1F5C /* Ciphers */,
				6885B0AC242A3F400075C219 /* Special Views */,
				6885B0A9242A3EB60075C219 /* Controllers */,
				683C6BE42429815C007A73DE /* Objects */,
				683C6BE1242975AB007A73DE /* Elements */,
				683C6BAE242973FD007A73DE /* AppDelegate.swift */,
				683C6BB0242973FD007A73DE /* SceneDelegate.swift */,
				683C6BB424297402007A73DE /* Assets.xcassets */,
				683C6BB924297402007A73DE /* LaunchScreen.storyboard */,
				683C6BBC24297402007A73DE /* Info.plist */,
				683C6BB624297402007A73DE /* Preview Content */,
			);
			path = CrypTool;
			sourceTree = "<group>";
		};
		683C6BB624297402007A73DE /* Preview Content */ = {
			isa = PBXGroup;
			children = (
				683C6BB724297402007A73DE /* Preview Assets.xcassets */,
			);
			path = "Preview Content";
			sourceTree = "<group>";
		};
		683C6BC424297403007A73DE /* CrypToolTests */ = {
			isa = PBXGroup;
			children = (
				683C6BC524297403007A73DE /* CrypToolTests.swift */,
				683C6BC724297403007A73DE /* Info.plist */,
			);
			path = CrypToolTests;
			sourceTree = "<group>";
		};
		683C6BCF24297403007A73DE /* CrypToolUITests */ = {
			isa = PBXGroup;
			children = (
				683C6BD024297403007A73DE /* CrypToolUITests.swift */,
				683C6BD224297403007A73DE /* Info.plist */,
			);
			path = CrypToolUITests;
			sourceTree = "<group>";
		};
		683C6BE1242975AB007A73DE /* Elements */ = {
			isa = PBXGroup;
			children = (
				683C6BE224297609007A73DE /* LevelCell.swift */,
			);
			path = Elements;
			sourceTree = "<group>";
		};
		683C6BE42429815C007A73DE /* Objects */ = {
			isa = PBXGroup;
			children = (
				68142288242A74BD005C1F5C /* Ciphers.swift */,
				683C6BE524298170007A73DE /* Level.swift */,
			);
			path = Objects;
			sourceTree = "<group>";
		};
		6885B0A9242A3EB60075C219 /* Controllers */ = {
			isa = PBXGroup;
			children = (
				683C6BB2242973FD007A73DE /* ContentView.swift */,
				6885B0AA242A3ED60075C219 /* LevelView.swift */,
				68052799242BB45B0021F146 /* EncryptView.swift */,
				682F72DB2431583100AF53D3 /* LearnView.swift */,
			);
			path = Controllers;
			sourceTree = "<group>";
		};
		6885B0AC242A3F400075C219 /* Special Views */ = {
			isa = PBXGroup;
			children = (
				6885B0AD242A3F540075C219 /* BottomSheet.swift */,
				6885B0B2242A41F50075C219 /* Down.swift */,
				68142290242A798A005C1F5C /* LoadingActivity.swift */,
				6805279B242BB5BE0021F146 /* TextView.swift */,
			);
			path = "Special Views";
			sourceTree = "<group>";
		};
		68C9AAB5246330A30066563F /* Frameworks */ = {
			isa = PBXGroup;
			children = (
				68C9AAB6246330A30066563F /* Messages.framework */,
			);
			name = Frameworks;
			sourceTree = "<group>";
		};
		68C9AAB8246330A30066563F /* CrypTool-iMessage */ = {
			isa = PBXGroup;
			children = (
				68C9AAB9246330A30066563F /* MessagesViewController.swift */,
				68C9AABB246330A30066563F /* MainInterface.storyboard */,
				68C9AABE246330AA0066563F /* Assets.xcassets */,
				68C9AAC0246330AA0066563F /* Info.plist */,
				68C9AAC8246330CD0066563F /* Parser.swift */,
			);
			path = "CrypTool-iMessage";
			sourceTree = "<group>";
		};
/* End PBXGroup section */

/* Begin PBXNativeTarget section */
		683C6BAA242973FD007A73DE /* CrypTool */ = {
			isa = PBXNativeTarget;
			buildConfigurationList = 683C6BD524297403007A73DE /* Build configuration list for PBXNativeTarget "CrypTool" */;
			buildPhases = (
				683C6BA7242973FD007A73DE /* Sources */,
				683C6BA8242973FD007A73DE /* Frameworks */,
				683C6BA9242973FD007A73DE /* Resources */,
				68C9AAC4246330AA0066563F /* Embed App Extensions */,
			);
			buildRules = (
			);
			dependencies = (
				68C9AAC2246330AA0066563F /* PBXTargetDependency */,
			);
			name = CrypTool;
			packageProductDependencies = (
				683C6BDF242975A2007A73DE /* QGrid */,
				6885B0B0242A41B50075C219 /* Down */,
				6814228B242A757A005C1F5C /* SwiftyJSON */,
				6814228E242A75A4005C1F5C /* Alamofire */,
			);
			productName = CrypTool;
			productReference = 683C6BAB242973FD007A73DE /* CrypTool.app */;
			productType = "com.apple.product-type.application";
		};
		683C6BC024297403007A73DE /* CrypToolTests */ = {
			isa = PBXNativeTarget;
			buildConfigurationList = 683C6BD824297403007A73DE /* Build configuration list for PBXNativeTarget "CrypToolTests" */;
			buildPhases = (
				683C6BBD24297403007A73DE /* Sources */,
				683C6BBE24297403007A73DE /* Frameworks */,
				683C6BBF24297403007A73DE /* Resources */,
			);
			buildRules = (
			);
			dependencies = (
				683C6BC324297403007A73DE /* PBXTargetDependency */,
			);
			name = CrypToolTests;
			productName = CrypToolTests;
			productReference = 683C6BC124297403007A73DE /* CrypToolTests.xctest */;
			productType = "com.apple.product-type.bundle.unit-test";
		};
		683C6BCB24297403007A73DE /* CrypToolUITests */ = {
			isa = PBXNativeTarget;
			buildConfigurationList = 683C6BDB24297403007A73DE /* Build configuration list for PBXNativeTarget "CrypToolUITests" */;
			buildPhases = (
				683C6BC824297403007A73DE /* Sources */,
				683C6BC924297403007A73DE /* Frameworks */,
				683C6BCA24297403007A73DE /* Resources */,
			);
			buildRules = (
			);
			dependencies = (
				683C6BCE24297403007A73DE /* PBXTargetDependency */,
			);
			name = CrypToolUITests;
			productName = CrypToolUITests;
			productReference = 683C6BCC24297403007A73DE /* CrypToolUITests.xctest */;
			productType = "com.apple.product-type.bundle.ui-testing";
		};
		68C9AAB3246330A30066563F /* CrypTool-iMessage */ = {
			isa = PBXNativeTarget;
			buildConfigurationList = 68C9AAC7246330AA0066563F /* Build configuration list for PBXNativeTarget "CrypTool-iMessage" */;
			buildPhases = (
				68C9AAB0246330A30066563F /* Sources */,
				68C9AAB1246330A30066563F /* Frameworks */,
				68C9AAB2246330A30066563F /* Resources */,
			);
			buildRules = (
			);
			dependencies = (
			);
			name = "CrypTool-iMessage";
			productName = "CrypTool-iMessage";
			productReference = 68C9AAB4246330A30066563F /* CrypTool-iMessage.appex */;
			productType = "com.apple.product-type.app-extension.messages";
		};
/* End PBXNativeTarget section */

/* Begin PBXProject section */
		683C6BA3242973FD007A73DE /* Project object */ = {
			isa = PBXProject;
			attributes = {
				LastSwiftUpdateCheck = 1130;
				LastUpgradeCheck = 1130;
				ORGANIZATIONNAME = "Arthur Guiot";
				TargetAttributes = {
					683C6BAA242973FD007A73DE = {
						CreatedOnToolsVersion = 11.3.1;
					};
					683C6BC024297403007A73DE = {
						CreatedOnToolsVersion = 11.3.1;
						TestTargetID = 683C6BAA242973FD007A73DE;
					};
					683C6BCB24297403007A73DE = {
						CreatedOnToolsVersion = 11.3.1;
						TestTargetID = 683C6BAA242973FD007A73DE;
					};
					68C9AAB3246330A30066563F = {
						CreatedOnToolsVersion = 11.3.1;
					};
				};
			};
			buildConfigurationList = 683C6BA6242973FD007A73DE /* Build configuration list for PBXProject "CrypTool" */;
			compatibilityVersion = "Xcode 9.3";
			developmentRegion = en;
			hasScannedForEncodings = 0;
			knownRegions = (
				en,
				Base,
			);
			mainGroup = 683C6BA2242973FD007A73DE;
			packageReferences = (
				683C6BDE242975A2007A73DE /* XCRemoteSwiftPackageReference "QGrid" */,
				6885B0AF242A41B50075C219 /* XCRemoteSwiftPackageReference "Down" */,
				6814228A242A757A005C1F5C /* XCRemoteSwiftPackageReference "SwiftyJSON" */,
				6814228D242A75A4005C1F5C /* XCRemoteSwiftPackageReference "Alamofire" */,
			);
			productRefGroup = 683C6BAC242973FD007A73DE /* Products */;
			projectDirPath = "";
			projectRoot = "";
			targets = (
				683C6BAA242973FD007A73DE /* CrypTool */,
				683C6BC024297403007A73DE /* CrypToolTests */,
				683C6BCB24297403007A73DE /* CrypToolUITests */,
				68C9AAB3246330A30066563F /* CrypTool-iMessage */,
			);
		};
/* End PBXProject section */

/* Begin PBXResourcesBuildPhase section */
		683C6BA9242973FD007A73DE /* Resources */ = {
			isa = PBXResourcesBuildPhase;
			buildActionMask = 2147483647;
			files = (
				68142287242A6833005C1F5C /* success.m4a in Resources */,
				683C6BBB24297402007A73DE /* LaunchScreen.storyboard in Resources */,
				683C6BB824297402007A73DE /* Preview Assets.xcassets in Resources */,
				683C6BB524297402007A73DE /* Assets.xcassets in Resources */,
			);
			runOnlyForDeploymentPostprocessing = 0;
		};
		683C6BBF24297403007A73DE /* Resources */ = {
			isa = PBXResourcesBuildPhase;
			buildActionMask = 2147483647;
			files = (
			);
			runOnlyForDeploymentPostprocessing = 0;
		};
		683C6BCA24297403007A73DE /* Resources */ = {
			isa = PBXResourcesBuildPhase;
			buildActionMask = 2147483647;
			files = (
			);
			runOnlyForDeploymentPostprocessing = 0;
		};
		68C9AAB2246330A30066563F /* Resources */ = {
			isa = PBXResourcesBuildPhase;
			buildActionMask = 2147483647;
			files = (
				68C9AABF246330AA0066563F /* Assets.xcassets in Resources */,
				68C9AABD246330A30066563F /* MainInterface.storyboard in Resources */,
			);
			runOnlyForDeploymentPostprocessing = 0;
		};
/* End PBXResourcesBuildPhase section */

/* Begin PBXSourcesBuildPhase section */
		683C6BA7242973FD007A73DE /* Sources */ = {
			isa = PBXSourcesBuildPhase;
			buildActionMask = 2147483647;
			files = (
				68142284242A681B005C1F5C /* Rail.swift in Sources */,
				68142282242A681B005C1F5C /* XOR.swift in Sources */,
				68142280242A681B005C1F5C /* Emoji.swift in Sources */,
				683C6BAF242973FD007A73DE /* AppDelegate.swift in Sources */,
				6814227A242A681B005C1F5C /* caesar.swift in Sources */,
				6885B0AB242A3ED60075C219 /* LevelView.swift in Sources */,
				68142291242A798A005C1F5C /* LoadingActivity.swift in Sources */,
				682F72DC2431583100AF53D3 /* LearnView.swift in Sources */,
				68142283242A681B005C1F5C /* ROT13.swift in Sources */,
				6885B0AE242A3F550075C219 /* BottomSheet.swift in Sources */,
				683C6BB1242973FD007A73DE /* SceneDelegate.swift in Sources */,
				683C6BE324297609007A73DE /* LevelCell.swift in Sources */,
				6814227D242A681B005C1F5C /* md5.swift in Sources */,
				6814227E242A681B005C1F5C /* b64.swift in Sources */,
				6885B0B3242A41F50075C219 /* Down.swift in Sources */,
				683C6BE624298170007A73DE /* Level.swift in Sources */,
				68142289242A74BD005C1F5C /* Ciphers.swift in Sources */,
				6805279A242BB45B0021F146 /* EncryptView.swift in Sources */,
				68142281242A681B005C1F5C /* binascii.swift in Sources */,
				6814227B242A681B005C1F5C /* sha256.swift in Sources */,
				6814227C242A681B005C1F5C /* BitShift.swift in Sources */,
				6805279C242BB5BE0021F146 /* TextView.swift in Sources */,
				6814227F242A681B005C1F5C /* HashShift.swift in Sources */,
				683C6BB3242973FD007A73DE /* ContentView.swift in Sources */,
			);
			runOnlyForDeploymentPostprocessing = 0;
		};
		683C6BBD24297403007A73DE /* Sources */ = {
			isa = PBXSourcesBuildPhase;
			buildActionMask = 2147483647;
			files = (
				683C6BC624297403007A73DE /* CrypToolTests.swift in Sources */,
			);
			runOnlyForDeploymentPostprocessing = 0;
		};
		683C6BC824297403007A73DE /* Sources */ = {
			isa = PBXSourcesBuildPhase;
			buildActionMask = 2147483647;
			files = (
				683C6BD124297403007A73DE /* CrypToolUITests.swift in Sources */,
			);
			runOnlyForDeploymentPostprocessing = 0;
		};
		68C9AAB0246330A30066563F /* Sources */ = {
			isa = PBXSourcesBuildPhase;
			buildActionMask = 2147483647;
			files = (
				68C9AACD246331380066563F /* md5.swift in Sources */,
				68C9AACE246331380066563F /* b64.swift in Sources */,
				68C9AACB246331380066563F /* sha256.swift in Sources */,
				68C9AAD2246331380066563F /* XOR.swift in Sources */,
				68C9AAD0246331380066563F /* Emoji.swift in Sources */,
				68C9AAC9246330CD0066563F /* Parser.swift in Sources */,
				68C9AAD1246331380066563F /* binascii.swift in Sources */,
				68C9AACF246331380066563F /* HashShift.swift in Sources */,
				68C9AACC246331380066563F /* BitShift.swift in Sources */,
				68C9AACA246331380066563F /* caesar.swift in Sources */,
				68C9AAD52463313F0066563F /* Ciphers.swift in Sources */,
				68C9AAD4246331380066563F /* Rail.swift in Sources */,
				68C9AABA246330A30066563F /* MessagesViewController.swift in Sources */,
				68C9AAD3246331380066563F /* ROT13.swift in Sources */,
			);
			runOnlyForDeploymentPostprocessing = 0;
		};
/* End PBXSourcesBuildPhase section */

/* Begin PBXTargetDependency section */
		683C6BC324297403007A73DE /* PBXTargetDependency */ = {
			isa = PBXTargetDependency;
			target = 683C6BAA242973FD007A73DE /* CrypTool */;
			targetProxy = 683C6BC224297403007A73DE /* PBXContainerItemProxy */;
		};
		683C6BCE24297403007A73DE /* PBXTargetDependency */ = {
			isa = PBXTargetDependency;
			target = 683C6BAA242973FD007A73DE /* CrypTool */;
			targetProxy = 683C6BCD24297403007A73DE /* PBXContainerItemProxy */;
		};
		68C9AAC2246330AA0066563F /* PBXTargetDependency */ = {
			isa = PBXTargetDependency;
			target = 68C9AAB3246330A30066563F /* CrypTool-iMessage */;
			targetProxy = 68C9AAC1246330AA0066563F /* PBXContainerItemProxy */;
		};
/* End PBXTargetDependency section */

/* Begin PBXVariantGroup section */
		683C6BB924297402007A73DE /* LaunchScreen.storyboard */ = {
			isa = PBXVariantGroup;
			children = (
				683C6BBA24297402007A73DE /* Base */,
			);
			name = LaunchScreen.storyboard;
			sourceTree = "<group>";
		};
		68C9AABB246330A30066563F /* MainInterface.storyboard */ = {
			isa = PBXVariantGroup;
			children = (
				68C9AABC246330A30066563F /* Base */,
			);
			name = MainInterface.storyboard;
			sourceTree = "<group>";
		};
/* End PBXVariantGroup section */

/* Begin XCBuildConfiguration section */
		683C6BD324297403007A73DE /* Debug */ = {
			isa = XCBuildConfiguration;
			buildSettings = {
				ALWAYS_SEARCH_USER_PATHS = NO;
				CLANG_ANALYZER_NONNULL = YES;
				CLANG_ANALYZER_NUMBER_OBJECT_CONVERSION = YES_AGGRESSIVE;
				CLANG_CXX_LANGUAGE_STANDARD = "gnu++14";
				CLANG_CXX_LIBRARY = "libc++";
				CLANG_ENABLE_MODULES = YES;
				CLANG_ENABLE_OBJC_ARC = YES;
				CLANG_ENABLE_OBJC_WEAK = YES;
				CLANG_WARN_BLOCK_CAPTURE_AUTORELEASING = YES;
				CLANG_WARN_BOOL_CONVERSION = YES;
				CLANG_WARN_COMMA = YES;
				CLANG_WARN_CONSTANT_CONVERSION = YES;
				CLANG_WARN_DEPRECATED_OBJC_IMPLEMENTATIONS = YES;
				CLANG_WARN_DIRECT_OBJC_ISA_USAGE = YES_ERROR;
				CLANG_WARN_DOCUMENTATION_COMMENTS = YES;
				CLANG_WARN_EMPTY_BODY = YES;
				CLANG_WARN_ENUM_CONVERSION = YES;
				CLANG_WARN_INFINITE_RECURSION = YES;
				CLANG_WARN_INT_CONVERSION = YES;
				CLANG_WARN_NON_LITERAL_NULL_CONVERSION = YES;
				CLANG_WARN_OBJC_IMPLICIT_RETAIN_SELF = YES;
				CLANG_WARN_OBJC_LITERAL_CONVERSION = YES;
				CLANG_WARN_OBJC_ROOT_CLASS = YES_ERROR;
				CLANG_WARN_RANGE_LOOP_ANALYSIS = YES;
				CLANG_WARN_STRICT_PROTOTYPES = YES;
				CLANG_WARN_SUSPICIOUS_MOVE = YES;
				CLANG_WARN_UNGUARDED_AVAILABILITY = YES_AGGRESSIVE;
				CLANG_WARN_UNREACHABLE_CODE = YES;
				CLANG_WARN__DUPLICATE_METHOD_MATCH = YES;
				COPY_PHASE_STRIP = NO;
				DEBUG_INFORMATION_FORMAT = dwarf;
				ENABLE_STRICT_OBJC_MSGSEND = YES;
				ENABLE_TESTABILITY = YES;
				GCC_C_LANGUAGE_STANDARD = gnu11;
				GCC_DYNAMIC_NO_PIC = NO;
				GCC_NO_COMMON_BLOCKS = YES;
				GCC_OPTIMIZATION_LEVEL = 0;
				GCC_PREPROCESSOR_DEFINITIONS = (
					"DEBUG=1",
					"$(inherited)",
				);
				GCC_WARN_64_TO_32_BIT_CONVERSION = YES;
				GCC_WARN_ABOUT_RETURN_TYPE = YES_ERROR;
				GCC_WARN_UNDECLARED_SELECTOR = YES;
				GCC_WARN_UNINITIALIZED_AUTOS = YES_AGGRESSIVE;
				GCC_WARN_UNUSED_FUNCTION = YES;
				GCC_WARN_UNUSED_VARIABLE = YES;
				IPHONEOS_DEPLOYMENT_TARGET = 13.2;
				MTL_ENABLE_DEBUG_INFO = INCLUDE_SOURCE;
				MTL_FAST_MATH = YES;
				ONLY_ACTIVE_ARCH = YES;
				SDKROOT = iphoneos;
				SWIFT_ACTIVE_COMPILATION_CONDITIONS = DEBUG;
				SWIFT_OPTIMIZATION_LEVEL = "-Onone";
			};
			name = Debug;
		};
		683C6BD424297403007A73DE /* Release */ = {
			isa = XCBuildConfiguration;
			buildSettings = {
				ALWAYS_SEARCH_USER_PATHS = NO;
				CLANG_ANALYZER_NONNULL = YES;
				CLANG_ANALYZER_NUMBER_OBJECT_CONVERSION = YES_AGGRESSIVE;
				CLANG_CXX_LANGUAGE_STANDARD = "gnu++14";
				CLANG_CXX_LIBRARY = "libc++";
				CLANG_ENABLE_MODULES = YES;
				CLANG_ENABLE_OBJC_ARC = YES;
				CLANG_ENABLE_OBJC_WEAK = YES;
				CLANG_WARN_BLOCK_CAPTURE_AUTORELEASING = YES;
				CLANG_WARN_BOOL_CONVERSION = YES;
				CLANG_WARN_COMMA = YES;
				CLANG_WARN_CONSTANT_CONVERSION = YES;
				CLANG_WARN_DEPRECATED_OBJC_IMPLEMENTATIONS = YES;
				CLANG_WARN_DIRECT_OBJC_ISA_USAGE = YES_ERROR;
				CLANG_WARN_DOCUMENTATION_COMMENTS = YES;
				CLANG_WARN_EMPTY_BODY = YES;
				CLANG_WARN_ENUM_CONVERSION = YES;
				CLANG_WARN_INFINITE_RECURSION = YES;
				CLANG_WARN_INT_CONVERSION = YES;
				CLANG_WARN_NON_LITERAL_NULL_CONVERSION = YES;
				CLANG_WARN_OBJC_IMPLICIT_RETAIN_SELF = YES;
				CLANG_WARN_OBJC_LITERAL_CONVERSION = YES;
				CLANG_WARN_OBJC_ROOT_CLASS = YES_ERROR;
				CLANG_WARN_RANGE_LOOP_ANALYSIS = YES;
				CLANG_WARN_STRICT_PROTOTYPES = YES;
				CLANG_WARN_SUSPICIOUS_MOVE = YES;
				CLANG_WARN_UNGUARDED_AVAILABILITY = YES_AGGRESSIVE;
				CLANG_WARN_UNREACHABLE_CODE = YES;
				CLANG_WARN__DUPLICATE_METHOD_MATCH = YES;
				COPY_PHASE_STRIP = NO;
				DEBUG_INFORMATION_FORMAT = "dwarf-with-dsym";
				ENABLE_NS_ASSERTIONS = NO;
				ENABLE_STRICT_OBJC_MSGSEND = YES;
				GCC_C_LANGUAGE_STANDARD = gnu11;
				GCC_NO_COMMON_BLOCKS = YES;
				GCC_WARN_64_TO_32_BIT_CONVERSION = YES;
				GCC_WARN_ABOUT_RETURN_TYPE = YES_ERROR;
				GCC_WARN_UNDECLARED_SELECTOR = YES;
				GCC_WARN_UNINITIALIZED_AUTOS = YES_AGGRESSIVE;
				GCC_WARN_UNUSED_FUNCTION = YES;
				GCC_WARN_UNUSED_VARIABLE = YES;
				IPHONEOS_DEPLOYMENT_TARGET = 13.2;
				MTL_ENABLE_DEBUG_INFO = NO;
				MTL_FAST_MATH = YES;
				SDKROOT = iphoneos;
				SWIFT_COMPILATION_MODE = wholemodule;
				SWIFT_OPTIMIZATION_LEVEL = "-O";
				VALIDATE_PRODUCT = YES;
			};
			name = Release;
		};
		683C6BD624297403007A73DE /* Debug */ = {
			isa = XCBuildConfiguration;
			buildSettings = {
				ALWAYS_EMBED_SWIFT_STANDARD_LIBRARIES = YES;
				ASSETCATALOG_COMPILER_APPICON_NAME = AppIcon;
				CODE_SIGN_ENTITLEMENTS = CrypTool/CrypTool.entitlements;
				CODE_SIGN_STYLE = Automatic;
				DEVELOPMENT_ASSET_PATHS = "\"CrypTool/Preview Content\"";
				DEVELOPMENT_TEAM = 73CCF549YB;
				ENABLE_PREVIEWS = YES;
				INFOPLIST_FILE = CrypTool/Info.plist;
				LD_RUNPATH_SEARCH_PATHS = (
					"$(inherited)",
					"@executable_path/Frameworks",
				);
				MARKETING_VERSION = 2.0;
				PRODUCT_BUNDLE_IDENTIFIER = com.ArthurG.CrypTools;
				PRODUCT_NAME = "$(TARGET_NAME)";
				SUPPORTS_MACCATALYST = YES;
				SWIFT_VERSION = 5.0;
				TARGETED_DEVICE_FAMILY = "1,2";
			};
			name = Debug;
		};
		683C6BD724297403007A73DE /* Release */ = {
			isa = XCBuildConfiguration;
			buildSettings = {
				ALWAYS_EMBED_SWIFT_STANDARD_LIBRARIES = YES;
				ASSETCATALOG_COMPILER_APPICON_NAME = AppIcon;
				CODE_SIGN_ENTITLEMENTS = CrypTool/CrypTool.entitlements;
				CODE_SIGN_STYLE = Automatic;
				DEVELOPMENT_ASSET_PATHS = "\"CrypTool/Preview Content\"";
				DEVELOPMENT_TEAM = 73CCF549YB;
				ENABLE_PREVIEWS = YES;
				INFOPLIST_FILE = CrypTool/Info.plist;
				LD_RUNPATH_SEARCH_PATHS = (
					"$(inherited)",
					"@executable_path/Frameworks",
				);
				MARKETING_VERSION = 2.0;
				PRODUCT_BUNDLE_IDENTIFIER = com.ArthurG.CrypTools;
				PRODUCT_NAME = "$(TARGET_NAME)";
				SUPPORTS_MACCATALYST = YES;
				SWIFT_VERSION = 5.0;
				TARGETED_DEVICE_FAMILY = "1,2";
			};
			name = Release;
		};
		683C6BD924297403007A73DE /* Debug */ = {
			isa = XCBuildConfiguration;
			buildSettings = {
				ALWAYS_EMBED_SWIFT_STANDARD_LIBRARIES = YES;
				BUNDLE_LOADER = "$(TEST_HOST)";
				CODE_SIGN_STYLE = Automatic;
				DEVELOPMENT_TEAM = 73CCF549YB;
				INFOPLIST_FILE = CrypToolTests/Info.plist;
				IPHONEOS_DEPLOYMENT_TARGET = 13.2;
				LD_RUNPATH_SEARCH_PATHS = (
					"$(inherited)",
					"@executable_path/Frameworks",
					"@loader_path/Frameworks",
				);
				PRODUCT_BUNDLE_IDENTIFIER = com.ArthurG.CrypToolTests;
				PRODUCT_NAME = "$(TARGET_NAME)";
				SWIFT_VERSION = 5.0;
				TARGETED_DEVICE_FAMILY = "1,2";
				TEST_HOST = "$(BUILT_PRODUCTS_DIR)/CrypTool.app/CrypTool";
			};
			name = Debug;
		};
		683C6BDA24297403007A73DE /* Release */ = {
			isa = XCBuildConfiguration;
			buildSettings = {
				ALWAYS_EMBED_SWIFT_STANDARD_LIBRARIES = YES;
				BUNDLE_LOADER = "$(TEST_HOST)";
				CODE_SIGN_STYLE = Automatic;
				DEVELOPMENT_TEAM = 73CCF549YB;
				INFOPLIST_FILE = CrypToolTests/Info.plist;
				IPHONEOS_DEPLOYMENT_TARGET = 13.2;
				LD_RUNPATH_SEARCH_PATHS = (
					"$(inherited)",
					"@executable_path/Frameworks",
					"@loader_path/Frameworks",
				);
				PRODUCT_BUNDLE_IDENTIFIER = com.ArthurG.CrypToolTests;
				PRODUCT_NAME = "$(TARGET_NAME)";
				SWIFT_VERSION = 5.0;
				TARGETED_DEVICE_FAMILY = "1,2";
				TEST_HOST = "$(BUILT_PRODUCTS_DIR)/CrypTool.app/CrypTool";
			};
			name = Release;
		};
		683C6BDC24297403007A73DE /* Debug */ = {
			isa = XCBuildConfiguration;
			buildSettings = {
				ALWAYS_EMBED_SWIFT_STANDARD_LIBRARIES = YES;
				CODE_SIGN_STYLE = Automatic;
				DEVELOPMENT_TEAM = 73CCF549YB;
				INFOPLIST_FILE = CrypToolUITests/Info.plist;
				LD_RUNPATH_SEARCH_PATHS = (
					"$(inherited)",
					"@executable_path/Frameworks",
					"@loader_path/Frameworks",
				);
				PRODUCT_BUNDLE_IDENTIFIER = com.ArthurG.CrypToolUITests;
				PRODUCT_NAME = "$(TARGET_NAME)";
				SWIFT_VERSION = 5.0;
				TARGETED_DEVICE_FAMILY = "1,2";
				TEST_TARGET_NAME = CrypTool;
			};
			name = Debug;
		};
		683C6BDD24297403007A73DE /* Release */ = {
			isa = XCBuildConfiguration;
			buildSettings = {
				ALWAYS_EMBED_SWIFT_STANDARD_LIBRARIES = YES;
				CODE_SIGN_STYLE = Automatic;
				DEVELOPMENT_TEAM = 73CCF549YB;
				INFOPLIST_FILE = CrypToolUITests/Info.plist;
				LD_RUNPATH_SEARCH_PATHS = (
					"$(inherited)",
					"@executable_path/Frameworks",
					"@loader_path/Frameworks",
				);
				PRODUCT_BUNDLE_IDENTIFIER = com.ArthurG.CrypToolUITests;
				PRODUCT_NAME = "$(TARGET_NAME)";
				SWIFT_VERSION = 5.0;
				TARGETED_DEVICE_FAMILY = "1,2";
				TEST_TARGET_NAME = CrypTool;
			};
			name = Release;
		};
		68C9AAC5246330AA0066563F /* Debug */ = {
			isa = XCBuildConfiguration;
			buildSettings = {
				ASSETCATALOG_COMPILER_APPICON_NAME = "iMessage App Icon";
				CODE_SIGN_STYLE = Automatic;
				DEVELOPMENT_TEAM = 73CCF549YB;
				INFOPLIST_FILE = "CrypTool-iMessage/Info.plist";
				LD_RUNPATH_SEARCH_PATHS = (
					"$(inherited)",
					"@executable_path/Frameworks",
					"@executable_path/../../Frameworks",
				);
				PRODUCT_BUNDLE_IDENTIFIER = "com.ArthurG.CrypTools.CrypTool-iMessage";
				PRODUCT_NAME = "$(TARGET_NAME)";
				SKIP_INSTALL = YES;
				SWIFT_VERSION = 5.0;
				TARGETED_DEVICE_FAMILY = "1,2";
			};
			name = Debug;
		};
		68C9AAC6246330AA0066563F /* Release */ = {
			isa = XCBuildConfiguration;
			buildSettings = {
				ASSETCATALOG_COMPILER_APPICON_NAME = "iMessage App Icon";
				CODE_SIGN_STYLE = Automatic;
				DEVELOPMENT_TEAM = 73CCF549YB;
				INFOPLIST_FILE = "CrypTool-iMessage/Info.plist";
				LD_RUNPATH_SEARCH_PATHS = (
					"$(inherited)",
					"@executable_path/Frameworks",
					"@executable_path/../../Frameworks",
				);
				PRODUCT_BUNDLE_IDENTIFIER = "com.ArthurG.CrypTools.CrypTool-iMessage";
				PRODUCT_NAME = "$(TARGET_NAME)";
				SKIP_INSTALL = YES;
				SWIFT_VERSION = 5.0;
				TARGETED_DEVICE_FAMILY = "1,2";
			};
			name = Release;
		};
/* End XCBuildConfiguration section */

/* Begin XCConfigurationList section */
		683C6BA6242973FD007A73DE /* Build configuration list for PBXProject "CrypTool" */ = {
			isa = XCConfigurationList;
			buildConfigurations = (
				683C6BD324297403007A73DE /* Debug */,
				683C6BD424297403007A73DE /* Release */,
			);
			defaultConfigurationIsVisible = 0;
			defaultConfigurationName = Release;
		};
		683C6BD524297403007A73DE /* Build configuration list for PBXNativeTarget "CrypTool" */ = {
			isa = XCConfigurationList;
			buildConfigurations = (
				683C6BD624297403007A73DE /* Debug */,
				683C6BD724297403007A73DE /* Release */,
			);
			defaultConfigurationIsVisible = 0;
			defaultConfigurationName = Release;
		};
		683C6BD824297403007A73DE /* Build configuration list for PBXNativeTarget "CrypToolTests" */ = {
			isa = XCConfigurationList;
			buildConfigurations = (
				683C6BD924297403007A73DE /* Debug */,
				683C6BDA24297403007A73DE /* Release */,
			);
			defaultConfigurationIsVisible = 0;
			defaultConfigurationName = Release;
		};
		683C6BDB24297403007A73DE /* Build configuration list for PBXNativeTarget "CrypToolUITests" */ = {
			isa = XCConfigurationList;
			buildConfigurations = (
				683C6BDC24297403007A73DE /* Debug */,
				683C6BDD24297403007A73DE /* Release */,
			);
			defaultConfigurationIsVisible = 0;
			defaultConfigurationName = Release;
		};
		68C9AAC7246330AA0066563F /* Build configuration list for PBXNativeTarget "CrypTool-iMessage" */ = {
			isa = XCConfigurationList;
			buildConfigurations = (
				68C9AAC5246330AA0066563F /* Debug */,
				68C9AAC6246330AA0066563F /* Release */,
			);
			defaultConfigurationIsVisible = 0;
			defaultConfigurationName = Release;
		};
/* End XCConfigurationList section */

/* Begin XCRemoteSwiftPackageReference section */
		6814228A242A757A005C1F5C /* XCRemoteSwiftPackageReference "SwiftyJSON" */ = {
			isa = XCRemoteSwiftPackageReference;
			repositoryURL = "https://github.com/SwiftyJSON/SwiftyJSON";
			requirement = {
				kind = upToNextMajorVersion;
				minimumVersion = 5.0.0;
			};
		};
		6814228D242A75A4005C1F5C /* XCRemoteSwiftPackageReference "Alamofire" */ = {
			isa = XCRemoteSwiftPackageReference;
			repositoryURL = "https://github.com/Alamofire/Alamofire";
			requirement = {
				kind = upToNextMajorVersion;
				minimumVersion = 5.0.5;
			};
		};
		683C6BDE242975A2007A73DE /* XCRemoteSwiftPackageReference "QGrid" */ = {
			isa = XCRemoteSwiftPackageReference;
			repositoryURL = "https://github.com/Q-Mobile/QGrid";
			requirement = {
				kind = upToNextMajorVersion;
				minimumVersion = 0.1.3;
			};
		};
		6885B0AF242A41B50075C219 /* XCRemoteSwiftPackageReference "Down" */ = {
			isa = XCRemoteSwiftPackageReference;
			repositoryURL = "https://github.com/iwasrobbed/Down";
			requirement = {
				kind = upToNextMajorVersion;
				minimumVersion = 0.9.2;
			};
		};
/* End XCRemoteSwiftPackageReference section */

/* Begin XCSwiftPackageProductDependency section */
		6814228B242A757A005C1F5C /* SwiftyJSON */ = {
			isa = XCSwiftPackageProductDependency;
			package = 6814228A242A757A005C1F5C /* XCRemoteSwiftPackageReference "SwiftyJSON" */;
			productName = SwiftyJSON;
		};
		6814228E242A75A4005C1F5C /* Alamofire */ = {
			isa = XCSwiftPackageProductDependency;
			package = 6814228D242A75A4005C1F5C /* XCRemoteSwiftPackageReference "Alamofire" */;
			productName = Alamofire;
		};
		683C6BDF242975A2007A73DE /* QGrid */ = {
			isa = XCSwiftPackageProductDependency;
			package = 683C6BDE242975A2007A73DE /* XCRemoteSwiftPackageReference "QGrid" */;
			productName = QGrid;
		};
		6885B0B0242A41B50075C219 /* Down */ = {
			isa = XCSwiftPackageProductDependency;
			package = 6885B0AF242A41B50075C219 /* XCRemoteSwiftPackageReference "Down" */;
			productName = Down;
		};
/* End XCSwiftPackageProductDependency section */
	};
	rootObject = 683C6BA3242973FD007A73DE /* Project object */;
}
